// !$*UTF8*$!
{
	archiveVersion = 1;
	classes = {
	};
	objectVersion = 56;
	objects = {

/* Begin PBXBuildFile section */
		1F183F6929E47CB300827FE8 /* .gitignore in Resources */ = {isa = PBXBuildFile; fileRef = 1F183F6829E47CB300827FE8 /* .gitignore */; };
		1F1C8FE0296FE98C005CEF4D /* AppDelegate.swift in Sources */ = {isa = PBXBuildFile; fileRef = 1F1C8FDF296FE98C005CEF4D /* AppDelegate.swift */; };
		1F1C8FE2296FE98C005CEF4D /* SceneDelegate.swift in Sources */ = {isa = PBXBuildFile; fileRef = 1F1C8FE1296FE98C005CEF4D /* SceneDelegate.swift */; };
		1F1C8FE7296FE98C005CEF4D /* Main.storyboard in Resources */ = {isa = PBXBuildFile; fileRef = 1F1C8FE5296FE98C005CEF4D /* Main.storyboard */; };
		1F1C8FE9296FE98E005CEF4D /* Assets.xcassets in Resources */ = {isa = PBXBuildFile; fileRef = 1F1C8FE8296FE98E005CEF4D /* Assets.xcassets */; };
		1F1C8FEC296FE98E005CEF4D /* LaunchScreen.storyboard in Resources */ = {isa = PBXBuildFile; fileRef = 1F1C8FEA296FE98E005CEF4D /* LaunchScreen.storyboard */; };
		1F1C8FF4296FF12F005CEF4D /* EmojiTableViewController.swift in Sources */ = {isa = PBXBuildFile; fileRef = 1F1C8FF3296FF12F005CEF4D /* EmojiTableViewController.swift */; };
		1F1C8FF629705897005CEF4D /* EmojiTableViewCell.swift in Sources */ = {isa = PBXBuildFile; fileRef = 1F1C8FF529705897005CEF4D /* EmojiTableViewCell.swift */; };
		1F7F0A672974333B00DC4833 /* NewEmojiTableViewController.swift in Sources */ = {isa = PBXBuildFile; fileRef = 1F7F0A662974333B00DC4833 /* NewEmojiTableViewController.swift */; };
		1FAAF04D29713CE900D23ADE /* EmojiModel.swift in Sources */ = {isa = PBXBuildFile; fileRef = 1FAAF04C29713CE900D23ADE /* EmojiModel.swift */; };
/* End PBXBuildFile section */

/* Begin PBXFileReference section */
		1F183F6829E47CB300827FE8 /* .gitignore */ = {isa = PBXFileReference; lastKnownFileType = text; path = .gitignore; sourceTree = "<group>"; };
		1F1C8FDC296FE98C005CEF4D /* Table View Task.app */ = {isa = PBXFileReference; explicitFileType = wrapper.application; includeInIndex = 0; path = "Table View Task.app"; sourceTree = BUILT_PRODUCTS_DIR; };
		1F1C8FDF296FE98C005CEF4D /* AppDelegate.swift */ = {isa = PBXFileReference; lastKnownFileType = sourcecode.swift; path = AppDelegate.swift; sourceTree = "<group>"; };
		1F1C8FE1296FE98C005CEF4D /* SceneDelegate.swift */ = {isa = PBXFileReference; lastKnownFileType = sourcecode.swift; path = SceneDelegate.swift; sourceTree = "<group>"; };
		1F1C8FE6296FE98C005CEF4D /* Base */ = {isa = PBXFileReference; lastKnownFileType = file.storyboard; name = Base; path = Base.lproj/Main.storyboard; sourceTree = "<group>"; };
		1F1C8FE8296FE98E005CEF4D /* Assets.xcassets */ = {isa = PBXFileReference; lastKnownFileType = folder.assetcatalog; path = Assets.xcassets; sourceTree = "<group>"; };
		1F1C8FEB296FE98E005CEF4D /* Base */ = {isa = PBXFileReference; lastKnownFileType = file.storyboard; name = Base; path = Base.lproj/LaunchScreen.storyboard; sourceTree = "<group>"; };
		1F1C8FED296FE98E005CEF4D /* Info.plist */ = {isa = PBXFileReference; lastKnownFileType = text.plist.xml; path = Info.plist; sourceTree = "<group>"; };
		1F1C8FF3296FF12F005CEF4D /* EmojiTableViewController.swift */ = {isa = PBXFileReference; lastKnownFileType = sourcecode.swift; path = EmojiTableViewController.swift; sourceTree = "<group>"; };
		1F1C8FF529705897005CEF4D /* EmojiTableViewCell.swift */ = {isa = PBXFileReference; lastKnownFileType = sourcecode.swift; path = EmojiTableViewCell.swift; sourceTree = "<group>"; };
		1F7F0A662974333B00DC4833 /* NewEmojiTableViewController.swift */ = {isa = PBXFileReference; lastKnownFileType = sourcecode.swift; path = NewEmojiTableViewController.swift; sourceTree = "<group>"; };
		1FAAF04C29713CE900D23ADE /* EmojiModel.swift */ = {isa = PBXFileReference; lastKnownFileType = sourcecode.swift; path = EmojiModel.swift; sourceTree = "<group>"; };
/* End PBXFileReference section */

/* Begin PBXFrameworksBuildPhase section */
		1F1C8FD9296FE98C005CEF4D /* Frameworks */ = {
			isa = PBXFrameworksBuildPhase;
			buildActionMask = 2147483647;
			files = (
			);
			runOnlyForDeploymentPostprocessing = 0;
		};
/* End PBXFrameworksBuildPhase section */

/* Begin PBXGroup section */
		1F183F6529E477D800827FE8 /* Models */ = {
			isa = PBXGroup;
			children = (
				1FAAF04C29713CE900D23ADE /* EmojiModel.swift */,
			);
			path = Models;
			sourceTree = "<group>";
		};
		1F183F6629E4781800827FE8 /* Controllers */ = {
			isa = PBXGroup;
			children = (
				1F1C8FF529705897005CEF4D /* EmojiTableViewCell.swift */,
				1F1C8FF3296FF12F005CEF4D /* EmojiTableViewController.swift */,
				1F7F0A662974333B00DC4833 /* NewEmojiTableViewController.swift */,
			);
			path = Controllers;
			sourceTree = "<group>";
		};
		1F183F6729E4783C00827FE8 /* Views */ = {
			isa = PBXGroup;
			children = (
				1F1C8FEA296FE98E005CEF4D /* LaunchScreen.storyboard */,
				1F1C8FE5296FE98C005CEF4D /* Main.storyboard */,
			);
			path = Views;
			sourceTree = "<group>";
		};
		1F1C8FD3296FE98C005CEF4D = {
			isa = PBXGroup;
			children = (
				1F183F6829E47CB300827FE8 /* .gitignore */,
				1F1C8FDE296FE98C005CEF4D /* Table View Task */,
				1F1C8FDD296FE98C005CEF4D /* Products */,
			);
			sourceTree = "<group>";
		};
		1F1C8FDD296FE98C005CEF4D /* Products */ = {
			isa = PBXGroup;
			children = (
				1F1C8FDC296FE98C005CEF4D /* Table View Task.app */,
			);
			name = Products;
			sourceTree = "<group>";
		};
		1F1C8FDE296FE98C005CEF4D /* Table View Task */ = {
			isa = PBXGroup;
			children = (
				1F1C8FDF296FE98C005CEF4D /* AppDelegate.swift */,
				1F1C8FE1296FE98C005CEF4D /* SceneDelegate.swift */,
				1F1C8FE8296FE98E005CEF4D /* Assets.xcassets */,
				1F1C8FED296FE98E005CEF4D /* Info.plist */,
				1F183F6629E4781800827FE8 /* Controllers */,
				1F183F6729E4783C00827FE8 /* Views */,
				1F183F6529E477D800827FE8 /* Models */,
			);
			path = "Table View Task";
			sourceTree = "<group>";
		};
/* End PBXGroup section */

/* Begin PBXNativeTarget section */
		1F1C8FDB296FE98C005CEF4D /* Table View Task */ = {
			isa = PBXNativeTarget;
			buildConfigurationList = 1F1C8FF0296FE98E005CEF4D /* Build configuration list for PBXNativeTarget "Table View Task" */;
			buildPhases = (
				1F1C8FD8296FE98C005CEF4D /* Sources */,
				1F1C8FD9296FE98C005CEF4D /* Frameworks */,
				1F1C8FDA296FE98C005CEF4D /* Resources */,
			);
			buildRules = (
			);
			dependencies = (
			);
			name = "Table View Task";
			productName = "Table View Task";
			productReference = 1F1C8FDC296FE98C005CEF4D /* Table View Task.app */;
			productType = "com.apple.product-type.application";
		};
/* End PBXNativeTarget section */

/* Begin PBXProject section */
		1F1C8FD4296FE98C005CEF4D /* Project object */ = {
			isa = PBXProject;
			attributes = {
				BuildIndependentTargetsInParallel = 1;
				LastSwiftUpdateCheck = 1420;
				LastUpgradeCheck = 1420;
				TargetAttributes = {
					1F1C8FDB296FE98C005CEF4D = {
						CreatedOnToolsVersion = 14.2;
					};
				};
			};
			buildConfigurationList = 1F1C8FD7296FE98C005CEF4D /* Build configuration list for PBXProject "Table View Task" */;
			compatibilityVersion = "Xcode 14.0";
			developmentRegion = en;
			hasScannedForEncodings = 0;
			knownRegions = (
				en,
				Base,
			);
			mainGroup = 1F1C8FD3296FE98C005CEF4D;
			productRefGroup = 1F1C8FDD296FE98C005CEF4D /* Products */;
			projectDirPath = "";
			projectRoot = "";
			targets = (
				1F1C8FDB296FE98C005CEF4D /* Table View Task */,
			);
		};
/* End PBXProject section */

/* Begin PBXResourcesBuildPhase section */
		1F1C8FDA296FE98C005CEF4D /* Resources */ = {
			isa = PBXResourcesBuildPhase;
			buildActionMask = 2147483647;
			files = (
				1F183F6929E47CB300827FE8 /* .gitignore in Resources */,
				1F1C8FEC296FE98E005CEF4D /* LaunchScreen.storyboard in Resources */,
				1F1C8FE9296FE98E005CEF4D /* Assets.xcassets in Resources */,
				1F1C8FE7296FE98C005CEF4D /* Main.storyboard in Resources */,
			);
			runOnlyForDeploymentPostprocessing = 0;
		};
/* End PBXResourcesBuildPhase section */

/* Begin PBXSourcesBuildPhase section */
		1F1C8FD8296FE98C005CEF4D /* Sources */ = {
			isa = PBXSourcesBuildPhase;
			buildActionMask = 2147483647;
			files = (
				1F1C8FF4296FF12F005CEF4D /* EmojiTableViewController.swift in Sources */,
				1FAAF04D29713CE900D23ADE /* EmojiModel.swift in Sources */,
				1F1C8FF629705897005CEF4D /* EmojiTableViewCell.swift in Sources */,
				1F7F0A672974333B00DC4833 /* NewEmojiTableViewController.swift in Sources */,
				1F1C8FE0296FE98C005CEF4D /* AppDelegate.swift in Sources */,
				1F1C8FE2296FE98C005CEF4D /* SceneDelegate.swift in Sources */,
			);
			runOnlyForDeploymentPostprocessing = 0;
		};
/* End PBXSourcesBuildPhase section */

/* Begin PBXVariantGroup section */
		1F1C8FE5296FE98C005CEF4D /* Main.storyboard */ = {
			isa = PBXVariantGroup;
			children = (
				1F1C8FE6296FE98C005CEF4D /* Base */,
			);
			name = Main.storyboard;
			sourceTree = "<group>";
		};
		1F1C8FEA296FE98E005CEF4D /* LaunchScreen.storyboard */ = {
			isa = PBXVariantGroup;
			children = (
				1F1C8FEB296FE98E005CEF4D /* Base */,
			);
			name = LaunchScreen.storyboard;
			sourceTree = "<group>";
		};
/* End PBXVariantGroup section */

/* Begin XCBuildConfiguration section */
		1F1C8FEE296FE98E005CEF4D /* Debug */ = {
			isa = XCBuildConfiguration;
			buildSettings = {
				ALWAYS_SEARCH_USER_PATHS = NO;
				CLANG_ANALYZER_NONNULL = YES;
				CLANG_ANALYZER_NUMBER_OBJECT_CONVERSION = YES_AGGRESSIVE;
				CLANG_CXX_LANGUAGE_STANDARD = "gnu++20";
				CLANG_ENABLE_MODULES = YES;
				CLANG_ENABLE_OBJC_ARC = YES;
				CLANG_ENABLE_OBJC_WEAK = YES;
				CLANG_WARN_BLOCK_CAPTURE_AUTORELEASING = YES;
				CLANG_WARN_BOOL_CONVERSION = YES;
				CLANG_WARN_COMMA = YES;
				CLANG_WARN_CONSTANT_CONVERSION = YES;
				CLANG_WARN_DEPRECATED_OBJC_IMPLEMENTATIONS = YES;
				CLANG_WARN_DIRECT_OBJC_ISA_USAGE = YES_ERROR;
				CLANG_WARN_DOCUMENTATION_COMMENTS = YES;
				CLANG_WARN_EMPTY_BODY = YES;
				CLANG_WARN_ENUM_CONVERSION = YES;
				CLANG_WARN_INFINITE_RECURSION = YES;
				CLANG_WARN_INT_CONVERSION = YES;
				CLANG_WARN_NON_LITERAL_NULL_CONVERSION = YES;
				CLANG_WARN_OBJC_IMPLICIT_RETAIN_SELF = YES;
				CLANG_WARN_OBJC_LITERAL_CONVERSION = YES;
				CLANG_WARN_OBJC_ROOT_CLASS = YES_ERROR;
				CLANG_WARN_QUOTED_INCLUDE_IN_FRAMEWORK_HEADER = YES;
				CLANG_WARN_RANGE_LOOP_ANALYSIS = YES;
				CLANG_WARN_STRICT_PROTOTYPES = YES;
				CLANG_WARN_SUSPICIOUS_MOVE = YES;
				CLANG_WARN_UNGUARDED_AVAILABILITY = YES_AGGRESSIVE;
				CLANG_WARN_UNREACHABLE_CODE = YES;
				CLANG_WARN__DUPLICATE_METHOD_MATCH = YES;
				COPY_PHASE_STRIP = NO;
				DEBUG_INFORMATION_FORMAT = dwarf;
				ENABLE_STRICT_OBJC_MSGSEND = YES;
				ENABLE_TESTABILITY = YES;
				GCC_C_LANGUAGE_STANDARD = gnu11;
				GCC_DYNAMIC_NO_PIC = NO;
				GCC_NO_COMMON_BLOCKS = YES;
				GCC_OPTIMIZATION_LEVEL = 0;
				GCC_PREPROCESSOR_DEFINITIONS = (
					"DEBUG=1",
					"$(inherited)",
				);
				GCC_WARN_64_TO_32_BIT_CONVERSION = YES;
				GCC_WARN_ABOUT_RETURN_TYPE = YES_ERROR;
				GCC_WARN_UNDECLARED_SELECTOR = YES;
				GCC_WARN_UNINITIALIZED_AUTOS = YES_AGGRESSIVE;
				GCC_WARN_UNUSED_FUNCTION = YES;
				GCC_WARN_UNUSED_VARIABLE = YES;
				IPHONEOS_DEPLOYMENT_TARGET = 16.2;
				MTL_ENABLE_DEBUG_INFO = INCLUDE_SOURCE;
				MTL_FAST_MATH = YES;
				ONLY_ACTIVE_ARCH = YES;
				SDKROOT = iphoneos;
				SWIFT_ACTIVE_COMPILATION_CONDITIONS = DEBUG;
				SWIFT_OPTIMIZATION_LEVEL = "-Onone";
			};
			name = Debug;
		};
		1F1C8FEF296FE98E005CEF4D /* Release */ = {
			isa = XCBuildConfiguration;
			buildSettings = {
				ALWAYS_SEARCH_USER_PATHS = NO;
				CLANG_ANALYZER_NONNULL = YES;
				CLANG_ANALYZER_NUMBER_OBJECT_CONVERSION = YES_AGGRESSIVE;
				CLANG_CXX_LANGUAGE_STANDARD = "gnu++20";
				CLANG_ENABLE_MODULES = YES;
				CLANG_ENABLE_OBJC_ARC = YES;
				CLANG_ENABLE_OBJC_WEAK = YES;
				CLANG_WARN_BLOCK_CAPTURE_AUTORELEASING = YES;
				CLANG_WARN_BOOL_CONVERSION = YES;
				CLANG_WARN_COMMA = YES;
				CLANG_WARN_CONSTANT_CONVERSION = YES;
				CLANG_WARN_DEPRECATED_OBJC_IMPLEMENTATIONS = YES;
				CLANG_WARN_DIRECT_OBJC_ISA_USAGE = YES_ERROR;
				CLANG_WARN_DOCUMENTATION_COMMENTS = YES;
				CLANG_WARN_EMPTY_BODY = YES;
				CLANG_WARN_ENUM_CONVERSION = YES;
				CLANG_WARN_INFINITE_RECURSION = YES;
				CLANG_WARN_INT_CONVERSION = YES;
				CLANG_WARN_NON_LITERAL_NULL_CONVERSION = YES;
				CLANG_WARN_OBJC_IMPLICIT_RETAIN_SELF = YES;
				CLANG_WARN_OBJC_LITERAL_CONVERSION = YES;
				CLANG_WARN_OBJC_ROOT_CLASS = YES_ERROR;
				CLANG_WARN_QUOTED_INCLUDE_IN_FRAMEWORK_HEADER = YES;
				CLANG_WARN_RANGE_LOOP_ANALYSIS = YES;
				CLANG_WARN_STRICT_PROTOTYPES = YES;
				CLANG_WARN_SUSPICIOUS_MOVE = YES;
				CLANG_WARN_UNGUARDED_AVAILABILITY = YES_AGGRESSIVE;
				CLANG_WARN_UNREACHABLE_CODE = YES;
				CLANG_WARN__DUPLICATE_METHOD_MATCH = YES;
				COPY_PHASE_STRIP = NO;
				DEBUG_INFORMATION_FORMAT = "dwarf-with-dsym";
				ENABLE_NS_ASSERTIONS = NO;
				ENABLE_STRICT_OBJC_MSGSEND = YES;
				GCC_C_LANGUAGE_STANDARD = gnu11;
				GCC_NO_COMMON_BLOCKS = YES;
				GCC_WARN_64_TO_32_BIT_CONVERSION = YES;
				GCC_WARN_ABOUT_RETURN_TYPE = YES_ERROR;
				GCC_WARN_UNDECLARED_SELECTOR = YES;
				GCC_WARN_UNINITIALIZED_AUTOS = YES_AGGRESSIVE;
				GCC_WARN_UNUSED_FUNCTION = YES;
				GCC_WARN_UNUSED_VARIABLE = YES;
				IPHONEOS_DEPLOYMENT_TARGET = 16.2;
				MTL_ENABLE_DEBUG_INFO = NO;
				MTL_FAST_MATH = YES;
				SDKROOT = iphoneos;
				SWIFT_COMPILATION_MODE = wholemodule;
				SWIFT_OPTIMIZATION_LEVEL = "-O";
				VALIDATE_PRODUCT = YES;
			};
			name = Release;
		};
		1F1C8FF1296FE98E005CEF4D /* Debug */ = {
			isa = XCBuildConfiguration;
			buildSettings = {
				ASSETCATALOG_COMPILER_APPICON_NAME = AppIcon;
				ASSETCATALOG_COMPILER_GLOBAL_ACCENT_COLOR_NAME = AccentColor;
				CODE_SIGN_STYLE = Automatic;
				CURRENT_PROJECT_VERSION = 1;
				GENERATE_INFOPLIST_FILE = YES;
				INFOPLIST_FILE = "Table View Task/Info.plist";
				INFOPLIST_KEY_UIApplicationSupportsIndirectInputEvents = YES;
				INFOPLIST_KEY_UILaunchStoryboardName = LaunchScreen;
				INFOPLIST_KEY_UIMainStoryboardFile = Main;
				INFOPLIST_KEY_UISupportedInterfaceOrientations_iPad = "UIInterfaceOrientationPortrait UIInterfaceOrientationPortraitUpsideDown UIInterfaceOrientationLandscapeLeft UIInterfaceOrientationLandscapeRight";
				INFOPLIST_KEY_UISupportedInterfaceOrientations_iPhone = "UIInterfaceOrientationPortrait UIInterfaceOrientationLandscapeLeft UIInterfaceOrientationLandscapeRight";
				LD_RUNPATH_SEARCH_PATHS = (
					"$(inherited)",
					"@executable_path/Frameworks",
				);
				MARKETING_VERSION = 1.0;
				PRODUCT_BUNDLE_IDENTIFIER = "sanya.Faka.Table-View-Task";
				PRODUCT_NAME = "$(TARGET_NAME)";
				SWIFT_EMIT_LOC_STRINGS = YES;
				SWIFT_VERSION = 5.0;
				TARGETED_DEVICE_FAMILY = "1,2";
			};
			name = Debug;
		};
		1F1C8FF2296FE98E005CEF4D /* Release */ = {
			isa = XCBuildConfiguration;
			buildSettings = {
				ASSETCATALOG_COMPILER_APPICON_NAME = AppIcon;
				ASSETCATALOG_COMPILER_GLOBAL_ACCENT_COLOR_NAME = AccentColor;
				CODE_SIGN_STYLE = Automatic;
				CURRENT_PROJECT_VERSION = 1;
				GENERATE_INFOPLIST_FILE = YES;
				INFOPLIST_FILE = "Table View Task/Info.plist";
				INFOPLIST_KEY_UIApplicationSupportsIndirectInputEvents = YES;
				INFOPLIST_KEY_UILaunchStoryboardName = LaunchScreen;
				INFOPLIST_KEY_UIMainStoryboardFile = Main;
				INFOPLIST_KEY_UISupportedInterfaceOrientations_iPad = "UIInterfaceOrientationPortrait UIInterfaceOrientationPortraitUpsideDown UIInterfaceOrientationLandscapeLeft UIInterfaceOrientationLandscapeRight";
				INFOPLIST_KEY_UISupportedInterfaceOrientations_iPhone = "UIInterfaceOrientationPortrait UIInterfaceOrientationLandscapeLeft UIInterfaceOrientationLandscapeRight";
				LD_RUNPATH_SEARCH_PATHS = (
					"$(inherited)",
					"@executable_path/Frameworks",
				);
				MARKETING_VERSION = 1.0;
				PRODUCT_BUNDLE_IDENTIFIER = "sanya.Faka.Table-View-Task";
				PRODUCT_NAME = "$(TARGET_NAME)";
				SWIFT_EMIT_LOC_STRINGS = YES;
				SWIFT_VERSION = 5.0;
				TARGETED_DEVICE_FAMILY = "1,2";
			};
			name = Release;
		};
/* End XCBuildConfiguration section */

/* Begin XCConfigurationList section */
		1F1C8FD7296FE98C005CEF4D /* Build configuration list for PBXProject "Table View Task" */ = {
			isa = XCConfigurationList;
			buildConfigurations = (
				1F1C8FEE296FE98E005CEF4D /* Debug */,
				1F1C8FEF296FE98E005CEF4D /* Release */,
			);
			defaultConfigurationIsVisible = 0;
			defaultConfigurationName = Release;
		};
		1F1C8FF0296FE98E005CEF4D /* Build configuration list for PBXNativeTarget "Table View Task" */ = {
			isa = XCConfigurationList;
			buildConfigurations = (
				1F1C8FF1296FE98E005CEF4D /* Debug */,
				1F1C8FF2296FE98E005CEF4D /* Release */,
			);
			defaultConfigurationIsVisible = 0;
			defaultConfigurationName = Release;
		};
/* End XCConfigurationList section */
	};
	rootObject = 1F1C8FD4296FE98C005CEF4D /* Project object */;
}
